
Microsoft Visual Studio Solution File, Format Version 12.00
# Visual Studio Version 16
VisualStudioVersion = 16.0.30503.244
MinimumVisualStudioVersion = 10.0.40219.1
Project("{FAE04EC0-301F-11D3-BF4B-00C04F79EFBC}") = "Stationery store", "Stationery store\Stationery store.csproj", "{8F1C2A0D-76D2-4960-92D7-908E1E003BDD}"
EndProject
Global
	GlobalSection(SolutionConfigurationPlatforms) = preSolution
		Debug|Any CPU = Debug|Any CPU
		Release|Any CPU = Release|Any CPU
	EndGlobalSection
	GlobalSection(ProjectConfigurationPlatforms) = postSolution
		{8F1C2A0D-76D2-4960-92D7-908E1E003BDD}.Debug|Any CPU.ActiveCfg = Debug|Any CPU
		{8F1C2A0D-76D2-4960-92D7-908E1E003BDD}.Debug|Any CPU.Build.0 = Debug|Any CPU
		{8F1C2A0D-76D2-4960-92D7-908E1E003BDD}.Release|Any CPU.ActiveCfg = Release|Any CPU
		{8F1C2A0D-76D2-4960-92D7-908E1E003BDD}.Release|Any CPU.Build.0 = Release|Any CPU
	EndGlobalSection
	GlobalSection(SolutionProperties) = preSolution
		HideSolutionNode = FALSE
	EndGlobalSection
	GlobalSection(ExtensibilityGlobals) = postSolution
		SolutionGuid = {A235231D-5E2D-480A-9B45-99CD3A2A21A9}
	EndGlobalSection
EndGlobal
